
Microsoft Visual Studio Solution File, Format Version 12.00
# Visual Studio Version 16
VisualStudioVersion = 16.0.30114.105
MinimumVisualStudioVersion = 10.0.40219.1
Project("{FAE04EC0-301F-11D3-BF4B-00C04F79EFBC}") = "Park'n'Wash", "Park'n'Wash\Park'n'Wash.csproj", "{2DF0DE0B-409A-4CDA-A73E-0F2123F86EE4}"
EndProject
Global
	GlobalSection(SolutionConfigurationPlatforms) = preSolution
		Debug|Any CPU = Debug|Any CPU
		Release|Any CPU = Release|Any CPU
	EndGlobalSection
	GlobalSection(ProjectConfigurationPlatforms) = postSolution
		{2DF0DE0B-409A-4CDA-A73E-0F2123F86EE4}.Debug|Any CPU.ActiveCfg = Debug|Any CPU
		{2DF0DE0B-409A-4CDA-A73E-0F2123F86EE4}.Debug|Any CPU.Build.0 = Debug|Any CPU
		{2DF0DE0B-409A-4CDA-A73E-0F2123F86EE4}.Release|Any CPU.ActiveCfg = Release|Any CPU
		{2DF0DE0B-409A-4CDA-A73E-0F2123F86EE4}.Release|Any CPU.Build.0 = Release|Any CPU
	EndGlobalSection
	GlobalSection(SolutionProperties) = preSolution
		HideSolutionNode = FALSE
	EndGlobalSection
	GlobalSection(ExtensibilityGlobals) = postSolution
		SolutionGuid = {81B58FD0-29C9-4CD7-84F1-568EF03BB01F}
	EndGlobalSection
EndGlobal
